{
  "name": "patstools",
  "lockfileVersion": 2,
  "requires": true,
  "packages": {
    "": {
      "devDependencies": {
        "jasmine-core": "^4.2.0"
      }
    },
    "node_modules/jasmine-core": {
      "version": "4.2.0",
      "integrity": "sha512-OcFpBrIhnbmb9wfI8cqPSJ50pv3Wg4/NSgoZIqHzIwO/2a9qivJWzv8hUvaREIMYYJBas6AvfXATFdVuzzCqVw==",
      "dev": true
    }
  },
  "dependencies": {
    "jasmine-core": {
      "version": "4.2.0",
      "integrity": "sha512-OcFpBrIhnbmb9wfI8cqPSJ50pv3Wg4/NSgoZIqHzIwO/2a9qivJWzv8hUvaREIMYYJBas6AvfXATFdVuzzCqVw==",
      "dev": true
    }
  }
}
